{
  "name": "tdi",
  "version": "1.0.0",
  "lockfileVersion": 1,
  "requires": true,
  "dependencies": {
    "@reactivex/rxjs": {
      "version": "6.0.0",
      "resolved": "https://registry.npmjs.org/@reactivex/rxjs/-/rxjs-6.0.0.tgz",
      "integrity": "sha512-3A5Wd3OGBCq+esn4+EjTaKciddg1o4vLDzYD+YWZHxWIem9spSIfw+QfJ3zETKCnRx7XVGoUL1VN45wHA1gMvQ==",
      "requires": {
        "tslib": "^1.9.0"
      }
    },
    "@types/reflect-metadata": {
      "version": "0.1.0",
      "resolved": "https://registry.npmjs.org/@types/reflect-metadata/-/reflect-metadata-0.1.0.tgz",
      "integrity": "sha512-bXltFLY3qhzCnVYP5iUpeSICagQ8rc9K2liS+8M0lBcz54BHs3O6W5UvqespVSuebo1BXLi+/y9ioELAW9SC2A==",
      "requires": {
        "reflect-metadata": "*"
      }
    },
    "reflect-metadata": {
      "version": "0.1.13",
      "resolved": "https://registry.npmjs.org/reflect-metadata/-/reflect-metadata-0.1.13.tgz",
      "integrity": "sha512-Ts1Y/anZELhSsjMcU605fU9RE4Oi3p5ORujwbIKXfWa+0Zxs510Qrmrce5/Jowq3cHSZSJqBjypxmHarc+vEWg=="
    },
    "rxjs": {
      "version": "6.0.0",
      "resolved": "https://registry.npmjs.org/rxjs/-/rxjs-6.0.0.tgz",
      "integrity": "sha512-2MgLQr1zvks8+Kip4T6hcJdiBhV+SIvxguoWjhwtSpNPTp/5e09HJbgclCwR/nW0yWzhubM+6Q0prl8G5RuoBA==",
      "requires": {
        "tslib": "^1.9.0"
      }
    },
    "tslib": {
      "version": "1.9.3",
      "resolved": "https://registry.npmjs.org/tslib/-/tslib-1.9.3.tgz",
      "integrity": "sha512-4krF8scpejhaOgqzBEcGM7yDIEfi0/8+8zDRZhNZZ2kjmHJ4hv3zCbQWxoJGz1iw5U0Jl0nma13xzHXcncMavQ=="
    }
  }
}
